
Microsoft Visual Studio Solution File, Format Version 12.00
# Visual Studio Version 17
VisualStudioVersion = 17.13.35825.156
MinimumVisualStudioVersion = 10.0.40219.1
Project("{FAE04EC0-301F-11D3-BF4B-00C04F79EFBC}") = "ApplicationService", "ApplicationService\ApplicationService.csproj", "{6B15E548-ED8A-4037-996E-4298AFFFEE43}"
EndProject
Project("{FAE04EC0-301F-11D3-BF4B-00C04F79EFBC}") = "StorageService", "StorageService\StorageService.csproj", "{01458A20-BDF9-4F53-8E92-ACD626422BC2}"
EndProject
Global
	GlobalSection(SolutionConfigurationPlatforms) = preSolution
		Debug|Any CPU = Debug|Any CPU
		Release|Any CPU = Release|Any CPU
	EndGlobalSection
	GlobalSection(ProjectConfigurationPlatforms) = postSolution
		{6B15E548-ED8A-4037-996E-4298AFFFEE43}.Debug|Any CPU.ActiveCfg = Debug|Any CPU
		{6B15E548-ED8A-4037-996E-4298AFFFEE43}.Debug|Any CPU.Build.0 = Debug|Any CPU
		{6B15E548-ED8A-4037-996E-4298AFFFEE43}.Release|Any CPU.ActiveCfg = Release|Any CPU
		{6B15E548-ED8A-4037-996E-4298AFFFEE43}.Release|Any CPU.Build.0 = Release|Any CPU
		{01458A20-BDF9-4F53-8E92-ACD626422BC2}.Debug|Any CPU.ActiveCfg = Debug|Any CPU
		{01458A20-BDF9-4F53-8E92-ACD626422BC2}.Debug|Any CPU.Build.0 = Debug|Any CPU
		{01458A20-BDF9-4F53-8E92-ACD626422BC2}.Release|Any CPU.ActiveCfg = Release|Any CPU
		{01458A20-BDF9-4F53-8E92-ACD626422BC2}.Release|Any CPU.Build.0 = Release|Any CPU
	EndGlobalSection
	GlobalSection(SolutionProperties) = preSolution
		HideSolutionNode = FALSE
	EndGlobalSection
	GlobalSection(ExtensibilityGlobals) = postSolution
		SolutionGuid = {A5B808DA-E4D1-46D3-9700-0963922B2052}
	EndGlobalSection
EndGlobal
